
Microsoft Visual Studio Solution File, Format Version 12.00
# Visual Studio Version 17
VisualStudioVersion = 17.10.34928.147
MinimumVisualStudioVersion = 10.0.40219.1
Project("{9A19103F-16F7-4668-BE54-9A1E7A4F7556}") = "Library.API", "Library.API\Library.API.csproj", "{9D83E2B8-C824-4393-A740-0760FDDB10AF}"
EndProject
Project("{9A19103F-16F7-4668-BE54-9A1E7A4F7556}") = "Library.Infrastructure", "Library.Infrastructure\Library.Infrastructure.csproj", "{DA397387-5436-4928-9A45-E21720A6F77A}"
EndProject
Project("{9A19103F-16F7-4668-BE54-9A1E7A4F7556}") = "Library.Core", "Library.Core\Library.Core.csproj", "{3CD7B5CA-7925-4965-BA92-ED2B727BCCAC}"
EndProject
Project("{9A19103F-16F7-4668-BE54-9A1E7A4F7556}") = "Library.Tests", "Library.Tests\Library.Tests.csproj", "{3847B5DD-D986-440C-B20A-FBA323305CF0}"
EndProject
Global
	GlobalSection(SolutionConfigurationPlatforms) = preSolution
		Debug|Any CPU = Debug|Any CPU
		Release|Any CPU = Release|Any CPU
	EndGlobalSection
	GlobalSection(ProjectConfigurationPlatforms) = postSolution
		{9D83E2B8-C824-4393-A740-0760FDDB10AF}.Debug|Any CPU.ActiveCfg = Debug|Any CPU
		{9D83E2B8-C824-4393-A740-0760FDDB10AF}.Debug|Any CPU.Build.0 = Debug|Any CPU
		{9D83E2B8-C824-4393-A740-0760FDDB10AF}.Release|Any CPU.ActiveCfg = Release|Any CPU
		{9D83E2B8-C824-4393-A740-0760FDDB10AF}.Release|Any CPU.Build.0 = Release|Any CPU
		{DA397387-5436-4928-9A45-E21720A6F77A}.Debug|Any CPU.ActiveCfg = Debug|Any CPU
		{DA397387-5436-4928-9A45-E21720A6F77A}.Debug|Any CPU.Build.0 = Debug|Any CPU
		{DA397387-5436-4928-9A45-E21720A6F77A}.Release|Any CPU.ActiveCfg = Release|Any CPU
		{DA397387-5436-4928-9A45-E21720A6F77A}.Release|Any CPU.Build.0 = Release|Any CPU
		{3CD7B5CA-7925-4965-BA92-ED2B727BCCAC}.Debug|Any CPU.ActiveCfg = Debug|Any CPU
		{3CD7B5CA-7925-4965-BA92-ED2B727BCCAC}.Debug|Any CPU.Build.0 = Debug|Any CPU
		{3CD7B5CA-7925-4965-BA92-ED2B727BCCAC}.Release|Any CPU.ActiveCfg = Release|Any CPU
		{3CD7B5CA-7925-4965-BA92-ED2B727BCCAC}.Release|Any CPU.Build.0 = Release|Any CPU
		{3847B5DD-D986-440C-B20A-FBA323305CF0}.Debug|Any CPU.ActiveCfg = Debug|Any CPU
		{3847B5DD-D986-440C-B20A-FBA323305CF0}.Debug|Any CPU.Build.0 = Debug|Any CPU
		{3847B5DD-D986-440C-B20A-FBA323305CF0}.Release|Any CPU.ActiveCfg = Release|Any CPU
		{3847B5DD-D986-440C-B20A-FBA323305CF0}.Release|Any CPU.Build.0 = Release|Any CPU
	EndGlobalSection
	GlobalSection(SolutionProperties) = preSolution
		HideSolutionNode = FALSE
	EndGlobalSection
	GlobalSection(ExtensibilityGlobals) = postSolution
		SolutionGuid = {5FB77BF9-D43C-4617-B41F-6EA42E0E026F}
	EndGlobalSection
EndGlobal
